
Microsoft Visual Studio Solution File, Format Version 12.00
# Visual Studio Version 17
VisualStudioVersion = 17.1.32328.378
MinimumVisualStudioVersion = 10.0.40219.1
Project("{9A19103F-16F7-4668-BE54-9A1E7A4F7556}") = "ApiGateway", "ServerBackEnd\ApiGateway.csproj", "{E56DBEC9-3E8A-47C0-9C11-2867FBB0DA8F}"
EndProject
Project("{9A19103F-16F7-4668-BE54-9A1E7A4F7556}") = "SharedLibrary", "Shared\SharedLibrary.csproj", "{73CC8FCD-DFB1-439D-8CA4-448343008407}"
EndProject
Project("{9A19103F-16F7-4668-BE54-9A1E7A4F7556}") = "ReportesObra", "ReportesInmobiliaria\ReportesObra.csproj", "{9C84DE40-910A-4412-9CF1-92278871309F}"
EndProject
Project("{9A19103F-16F7-4668-BE54-9A1E7A4F7556}") = "Obra.Client", "Client\Obra.Client.csproj", "{555DA007-3237-48ED-B8CE-611C5EEE176F}"
EndProject
Global
	GlobalSection(SolutionConfigurationPlatforms) = preSolution
		Debug|Any CPU = Debug|Any CPU
		Release|Any CPU = Release|Any CPU
	EndGlobalSection
	GlobalSection(ProjectConfigurationPlatforms) = postSolution
		{E56DBEC9-3E8A-47C0-9C11-2867FBB0DA8F}.Debug|Any CPU.ActiveCfg = Debug|Any CPU
		{E56DBEC9-3E8A-47C0-9C11-2867FBB0DA8F}.Debug|Any CPU.Build.0 = Debug|Any CPU
		{E56DBEC9-3E8A-47C0-9C11-2867FBB0DA8F}.Release|Any CPU.ActiveCfg = Release|Any CPU
		{E56DBEC9-3E8A-47C0-9C11-2867FBB0DA8F}.Release|Any CPU.Build.0 = Release|Any CPU
		{73CC8FCD-DFB1-439D-8CA4-448343008407}.Debug|Any CPU.ActiveCfg = Debug|Any CPU
		{73CC8FCD-DFB1-439D-8CA4-448343008407}.Debug|Any CPU.Build.0 = Debug|Any CPU
		{73CC8FCD-DFB1-439D-8CA4-448343008407}.Release|Any CPU.ActiveCfg = Release|Any CPU
		{73CC8FCD-DFB1-439D-8CA4-448343008407}.Release|Any CPU.Build.0 = Release|Any CPU
		{9C84DE40-910A-4412-9CF1-92278871309F}.Debug|Any CPU.ActiveCfg = Debug|Any CPU
		{9C84DE40-910A-4412-9CF1-92278871309F}.Debug|Any CPU.Build.0 = Debug|Any CPU
		{9C84DE40-910A-4412-9CF1-92278871309F}.Release|Any CPU.ActiveCfg = Release|Any CPU
		{9C84DE40-910A-4412-9CF1-92278871309F}.Release|Any CPU.Build.0 = Release|Any CPU
		{555DA007-3237-48ED-B8CE-611C5EEE176F}.Debug|Any CPU.ActiveCfg = Debug|Any CPU
		{555DA007-3237-48ED-B8CE-611C5EEE176F}.Debug|Any CPU.Build.0 = Debug|Any CPU
		{555DA007-3237-48ED-B8CE-611C5EEE176F}.Release|Any CPU.ActiveCfg = Release|Any CPU
		{555DA007-3237-48ED-B8CE-611C5EEE176F}.Release|Any CPU.Build.0 = Release|Any CPU
	EndGlobalSection
	GlobalSection(SolutionProperties) = preSolution
		HideSolutionNode = FALSE
	EndGlobalSection
	GlobalSection(ExtensibilityGlobals) = postSolution
		SolutionGuid = {7410E700-7603-463C-A1FE-6C136128E94D}
	EndGlobalSection
EndGlobal
