
Microsoft Visual Studio Solution File, Format Version 12.00
# Visual Studio Version 17
VisualStudioVersion = 17.1.32328.378
MinimumVisualStudioVersion = 10.0.40219.1
Project("{9A19103F-16F7-4668-BE54-9A1E7A4F7556}") = "ReportesWeb1_3", "ReportesWeb1_3.csproj", "{39DCF613-A8D5-46E9-B82F-19B586EC479E}"
EndProject
Project("{9A19103F-16F7-4668-BE54-9A1E7A4F7556}") = "ReportesData", "ReportesData\ReportesData.csproj", "{15F4F14D-0B66-42F9-B3CD-3D733B6346D4}"
EndProject
Global
	GlobalSection(SolutionConfigurationPlatforms) = preSolution
		Debug|Any CPU = Debug|Any CPU
		Release|Any CPU = Release|Any CPU
	EndGlobalSection
	GlobalSection(ProjectConfigurationPlatforms) = postSolution
		{39DCF613-A8D5-46E9-B82F-19B586EC479E}.Debug|Any CPU.ActiveCfg = Debug|Any CPU
		{39DCF613-A8D5-46E9-B82F-19B586EC479E}.Debug|Any CPU.Build.0 = Debug|Any CPU
		{39DCF613-A8D5-46E9-B82F-19B586EC479E}.Release|Any CPU.ActiveCfg = Release|Any CPU
		{39DCF613-A8D5-46E9-B82F-19B586EC479E}.Release|Any CPU.Build.0 = Release|Any CPU
		{15F4F14D-0B66-42F9-B3CD-3D733B6346D4}.Debug|Any CPU.ActiveCfg = Debug|Any CPU
		{15F4F14D-0B66-42F9-B3CD-3D733B6346D4}.Debug|Any CPU.Build.0 = Debug|Any CPU
		{15F4F14D-0B66-42F9-B3CD-3D733B6346D4}.Release|Any CPU.ActiveCfg = Release|Any CPU
		{15F4F14D-0B66-42F9-B3CD-3D733B6346D4}.Release|Any CPU.Build.0 = Release|Any CPU
	EndGlobalSection
	GlobalSection(SolutionProperties) = preSolution
		HideSolutionNode = FALSE
	EndGlobalSection
	GlobalSection(ExtensibilityGlobals) = postSolution
		SolutionGuid = {5DF6DE1F-B384-436E-93A2-EAD0A5E246E5}
	EndGlobalSection
EndGlobal
